
Microsoft Visual Studio Solution File, Format Version 12.00
# Visual Studio Version 16
VisualStudioVersion = 16.0.31424.327
MinimumVisualStudioVersion = 10.0.40219.1
Project("{FAE04EC0-301F-11D3-BF4B-00C04F79EFBC}") = "YtToMp3", "YtToMp3\YtToMp3.csproj", "{0790FCB3-8B78-459B-BB0F-3650C4AB4ECB}"
EndProject
Global
	GlobalSection(SolutionConfigurationPlatforms) = preSolution
		Debug|Any CPU = Debug|Any CPU
		Release|Any CPU = Release|Any CPU
	EndGlobalSection
	GlobalSection(ProjectConfigurationPlatforms) = postSolution
		{0790FCB3-8B78-459B-BB0F-3650C4AB4ECB}.Debug|Any CPU.ActiveCfg = Debug|Any CPU
		{0790FCB3-8B78-459B-BB0F-3650C4AB4ECB}.Debug|Any CPU.Build.0 = Debug|Any CPU
		{0790FCB3-8B78-459B-BB0F-3650C4AB4ECB}.Release|Any CPU.ActiveCfg = Release|Any CPU
		{0790FCB3-8B78-459B-BB0F-3650C4AB4ECB}.Release|Any CPU.Build.0 = Release|Any CPU
	EndGlobalSection
	GlobalSection(SolutionProperties) = preSolution
		HideSolutionNode = FALSE
	EndGlobalSection
	GlobalSection(ExtensibilityGlobals) = postSolution
		SolutionGuid = {B194DF23-CC5C-4078-8BE7-749EEE0A2F78}
	EndGlobalSection
EndGlobal
